
Microsoft Visual Studio Solution File, Format Version 12.00
# Visual Studio 15
VisualStudioVersion = 15.0.27705.2000
MinimumVisualStudioVersion = 10.0.40219.1
Project("{9A19103F-16F7-4668-BE54-9A1E7A4F7556}") = "DependencyInjection", "DependencyInjection\DependencyInjection.csproj", "{DB20B834-44FD-4A34-8BF3-F818AFB14CDA}"
EndProject
Project("{FAE04EC0-301F-11D3-BF4B-00C04F79EFBC}") = "XUnitCarWebApi", "XUnitTestProject\XUnitCarWebApi.csproj", "{CF7A5113-6AA9-4527-A0F4-F4507D71C844}"
EndProject
Project("{FAE04EC0-301F-11D3-BF4B-00C04F79EFBC}") = "CarWebApi", "CarWebApi\CarWebApi.csproj", "{01E39FBC-E6A7-4543-9902-E8234968375D}"
EndProject
Project("{FAE04EC0-301F-11D3-BF4B-00C04F79EFBC}") = "WebApiIdent", "WebApiIdent\WebApiIdent.csproj", "{D5BAD622-10AA-49D4-842D-2D57BB6B0E55}"
EndProject
Global
	GlobalSection(SolutionConfigurationPlatforms) = preSolution
		Debug|Any CPU = Debug|Any CPU
		Release|Any CPU = Release|Any CPU
	EndGlobalSection
	GlobalSection(ProjectConfigurationPlatforms) = postSolution
		{DB20B834-44FD-4A34-8BF3-F818AFB14CDA}.Debug|Any CPU.ActiveCfg = Debug|Any CPU
		{DB20B834-44FD-4A34-8BF3-F818AFB14CDA}.Debug|Any CPU.Build.0 = Debug|Any CPU
		{DB20B834-44FD-4A34-8BF3-F818AFB14CDA}.Release|Any CPU.ActiveCfg = Release|Any CPU
		{DB20B834-44FD-4A34-8BF3-F818AFB14CDA}.Release|Any CPU.Build.0 = Release|Any CPU
		{CF7A5113-6AA9-4527-A0F4-F4507D71C844}.Debug|Any CPU.ActiveCfg = Debug|Any CPU
		{CF7A5113-6AA9-4527-A0F4-F4507D71C844}.Debug|Any CPU.Build.0 = Debug|Any CPU
		{CF7A5113-6AA9-4527-A0F4-F4507D71C844}.Release|Any CPU.ActiveCfg = Release|Any CPU
		{CF7A5113-6AA9-4527-A0F4-F4507D71C844}.Release|Any CPU.Build.0 = Release|Any CPU
		{01E39FBC-E6A7-4543-9902-E8234968375D}.Debug|Any CPU.ActiveCfg = Debug|Any CPU
		{01E39FBC-E6A7-4543-9902-E8234968375D}.Debug|Any CPU.Build.0 = Debug|Any CPU
		{01E39FBC-E6A7-4543-9902-E8234968375D}.Release|Any CPU.ActiveCfg = Release|Any CPU
		{01E39FBC-E6A7-4543-9902-E8234968375D}.Release|Any CPU.Build.0 = Release|Any CPU
		{D5BAD622-10AA-49D4-842D-2D57BB6B0E55}.Debug|Any CPU.ActiveCfg = Debug|Any CPU
		{D5BAD622-10AA-49D4-842D-2D57BB6B0E55}.Debug|Any CPU.Build.0 = Debug|Any CPU
		{D5BAD622-10AA-49D4-842D-2D57BB6B0E55}.Release|Any CPU.ActiveCfg = Release|Any CPU
		{D5BAD622-10AA-49D4-842D-2D57BB6B0E55}.Release|Any CPU.Build.0 = Release|Any CPU
	EndGlobalSection
	GlobalSection(SolutionProperties) = preSolution
		HideSolutionNode = FALSE
	EndGlobalSection
	GlobalSection(ExtensibilityGlobals) = postSolution
		SolutionGuid = {8075F96D-9ED2-484C-BC02-46FFF02C2762}
	EndGlobalSection
EndGlobal
